<?xml version="1.0" encoding="utf-8"?>
<Project ToolsVersion="4.0" xmlns="http://schemas.microsoft.com/developer/msbuild/2003">
  <ItemGroup>
    <Filter Include="CppRestJson">
      <UniqueIdentifier>{234b7920-e9d4-4612-b96c-1c51454039a2}</UniqueIdentifier>
    </Filter>
    <Filter Include="PugiXml">
      <UniqueIdentifier>{53e79814-7c05-455a-8691-e4f63df50ecf}</UniqueIdentifier>
    </Filter>
    <Filter Include="RapidJson">
      <UniqueIdentifier>{b5637b8e-e09c-41e0-b7f6-54fbec8e25bd}</UniqueIdentifier>
    </Filter>
    <Filter Include="RapidYaml">
      <UniqueIdentifier>{9415f054-643d-49ab-b88a-5267a3694d3d}</UniqueIdentifier>
    </Filter>
  </ItemGroup>
  <ItemGroup>
    <ClInclude Include="bitserializer_cpprest_json\cpprest_json_archive.h">
      <Filter>CppRestJson</Filter>
    </ClInclude>
    <ClInclude Include="bitserializer_pugixml\pugixml_archive.h">
      <Filter>PugiXml</Filter>
    </ClInclude>
    <ClInclude Include="bitserializer_rapidjson\rapidjson_archive.h">
      <Filter>RapidJson</Filter>
    </ClInclude>
    <ClInclude Include="bitserializer_rapidyaml\rapidyaml_archive.h">
      <Filter>RapidYaml</Filter>
    </ClInclude>
  </ItemGroup>
</Project>