<?xml version="1.0" encoding="utf-8"?>
<Project ToolsVersion="4.0" xmlns="http://schemas.microsoft.com/developer/msbuild/2003">
  <ItemGroup>
    <Filter Include="conversion_detail">
      <UniqueIdentifier>{a545d225-5541-44c2-a11d-aa8c54e0175c}</UniqueIdentifier>
    </Filter>
    <Filter Include="serialization_detail">
      <UniqueIdentifier>{0901939d-a810-4d76-844c-bfe9d95860bd}</UniqueIdentifier>
    </Filter>
    <Filter Include="types">
      <UniqueIdentifier>{45d7612a-9bd1-43e4-add9-319b01f9bd00}</UniqueIdentifier>
    </Filter>
    <Filter Include="types\std">
      <UniqueIdentifier>{1c0d10a3-6943-4728-8a45-54c9e978fc5a}</UniqueIdentifier>
    </Filter>
  </ItemGroup>
  <ItemGroup>
    <ClInclude Include="bitserializer\conversion_detail\convert_detail.h">
      <Filter>conversion_detail</Filter>
    </ClInclude>
    <ClInclude Include="bitserializer\conversion_detail\convert_enum.h">
      <Filter>conversion_detail</Filter>
    </ClInclude>
    <ClInclude Include="bitserializer\conversion_detail\convert_fundamental.h">
      <Filter>conversion_detail</Filter>
    </ClInclude>
    <ClInclude Include="bitserializer\conversion_detail\convert_utf.h">
      <Filter>conversion_detail</Filter>
    </ClInclude>
    <ClInclude Include="bitserializer\conversion_detail\object_traits.h">
      <Filter>conversion_detail</Filter>
    </ClInclude>
    <ClInclude Include="bitserializer\serialization_detail\archive_traits.h">
      <Filter>serialization_detail</Filter>
    </ClInclude>
    <ClInclude Include="bitserializer\serialization_detail\attr_key_value.h">
      <Filter>serialization_detail</Filter>
    </ClInclude>
    <ClInclude Include="bitserializer\serialization_detail\base_object.h">
      <Filter>serialization_detail</Filter>
    </ClInclude>
    <ClInclude Include="bitserializer\serialization_detail\errors_handling.h">
      <Filter>serialization_detail</Filter>
    </ClInclude>
    <ClInclude Include="bitserializer\serialization_detail\key_value.h">
      <Filter>serialization_detail</Filter>
    </ClInclude>
    <ClInclude Include="bitserializer\serialization_detail\key_value_proxy.h">
      <Filter>serialization_detail</Filter>
    </ClInclude>
    <ClInclude Include="bitserializer\serialization_detail\media_archive_base.h">
      <Filter>serialization_detail</Filter>
    </ClInclude>
    <ClInclude Include="bitserializer\serialization_detail\object_traits.h">
      <Filter>serialization_detail</Filter>
    </ClInclude>
    <ClInclude Include="bitserializer\serialization_detail\serialization_base_types.h">
      <Filter>serialization_detail</Filter>
    </ClInclude>
    <ClInclude Include="bitserializer\serialization_detail\serialization_context.h">
      <Filter>serialization_detail</Filter>
    </ClInclude>
    <ClInclude Include="bitserializer\serialization_detail\serialization_options.h">
      <Filter>serialization_detail</Filter>
    </ClInclude>
    <ClInclude Include="bitserializer\serialization_detail\validators.h">
      <Filter>serialization_detail</Filter>
    </ClInclude>
    <ClInclude Include="bitserializer\bit_serializer.h" />
    <ClInclude Include="bitserializer\string_conversion.h" />
    <ClInclude Include="bitserializer\types\std\array.h">
      <Filter>types\std</Filter>
    </ClInclude>
    <ClInclude Include="bitserializer\types\std\deque.h">
      <Filter>types\std</Filter>
    </ClInclude>
    <ClInclude Include="bitserializer\types\std\forward_list.h">
      <Filter>types\std</Filter>
    </ClInclude>
    <ClInclude Include="bitserializer\types\std\list.h">
      <Filter>types\std</Filter>
    </ClInclude>
    <ClInclude Include="bitserializer\types\std\map.h">
      <Filter>types\std</Filter>
    </ClInclude>
    <ClInclude Include="bitserializer\types\std\pair.h">
      <Filter>types\std</Filter>
    </ClInclude>
    <ClInclude Include="bitserializer\types\std\vector.h">
      <Filter>types\std</Filter>
    </ClInclude>
    <ClInclude Include="bitserializer\types\std\set.h">
      <Filter>types\std</Filter>
    </ClInclude>
    <ClInclude Include="bitserializer\types\std\bitset.h">
      <Filter>types\std</Filter>
    </ClInclude>
  </ItemGroup>
</Project>