<?xml version="1.0" encoding="utf-8"?>
<Project ToolsVersion="4.0" xmlns="http://schemas.microsoft.com/developer/msbuild/2003">
  <ItemGroup>
    <ClCompile Include="serialization_archive_traits_tests.cpp" />
    <ClCompile Include="serialization_base_types_tests.cpp" />
    <ClCompile Include="serialization_containers_tests.cpp" />
    <ClCompile Include="serialization_object_traits_tests.cpp" />
    <ClCompile Include="serialization_stl_types_tests.cpp" />
    <ClCompile Include="string_conversion_tests.cpp" />
    <ClCompile Include="validators_tests.cpp" />
    <ClCompile Include="utf8_encoding_tests.cpp" />
  </ItemGroup>
  <ItemGroup>
    <ClInclude Include="..\test_helpers\archive_stub.h">
      <Filter>TestHelpers</Filter>
    </ClInclude>
    <ClInclude Include="..\test_helpers\auto_fixture.h">
      <Filter>TestHelpers</Filter>
    </ClInclude>
    <ClInclude Include="..\test_helpers\common_test_entities.h">
      <Filter>TestHelpers</Filter>
    </ClInclude>
    <ClInclude Include="..\test_helpers\common_test_methods.h">
      <Filter>TestHelpers</Filter>
    </ClInclude>
    <ClInclude Include="..\test_helpers\xml_test_templates.h">
      <Filter>TestHelpers</Filter>
    </ClInclude>
    <ClInclude Include="..\test_helpers\common_json_test_methods.h">
      <Filter>TestHelpers</Filter>
    </ClInclude>
    <ClInclude Include="..\test_helpers\common_xml_test_methods.h">
      <Filter>TestHelpers</Filter>
    </ClInclude>
  </ItemGroup>
  <ItemGroup>
    <Filter Include="TestHelpers">
      <UniqueIdentifier>{c17966ee-350c-4b74-a90b-a43a8ef94694}</UniqueIdentifier>
    </Filter>
  </ItemGroup>
</Project>